
Microsoft Visual Studio Solution File, Format Version 12.00
# Visual Studio Version 17
VisualStudioVersion = 17.1.32407.343
MinimumVisualStudioVersion = 10.0.40219.1
Project("{FAE04EC0-301F-11D3-BF4B-00C04F79EFBC}") = "teste", "teste.csproj", "{76046509-83F3-4D69-AF6C-DB648CFC7DD6}"
EndProject
Global
	GlobalSection(SolutionConfigurationPlatforms) = preSolution
		Debug|Any CPU = Debug|Any CPU
		Release|Any CPU = Release|Any CPU
	EndGlobalSection
	GlobalSection(ProjectConfigurationPlatforms) = postSolution
		{76046509-83F3-4D69-AF6C-DB648CFC7DD6}.Debug|Any CPU.ActiveCfg = Debug|Any CPU
		{76046509-83F3-4D69-AF6C-DB648CFC7DD6}.Debug|Any CPU.Build.0 = Debug|Any CPU
		{76046509-83F3-4D69-AF6C-DB648CFC7DD6}.Release|Any CPU.ActiveCfg = Release|Any CPU
		{76046509-83F3-4D69-AF6C-DB648CFC7DD6}.Release|Any CPU.Build.0 = Release|Any CPU
	EndGlobalSection
	GlobalSection(SolutionProperties) = preSolution
		HideSolutionNode = FALSE
	EndGlobalSection
	GlobalSection(ExtensibilityGlobals) = postSolution
		SolutionGuid = {3CEA69DC-0A9B-48E4-80C3-26DD72D25BB7}
	EndGlobalSection
EndGlobal
