
Microsoft Visual Studio Solution File, Format Version 12.00
# Visual Studio Version 17
VisualStudioVersion = 17.1.32407.343
MinimumVisualStudioVersion = 10.0.40219.1
Project("{FAE04EC0-301F-11D3-BF4B-00C04F79EFBC}") = "ConsoleApp1", "ConsoleApp1.csproj", "{0FB66553-FFD2-42F5-99A6-57FA758A4C8D}"
EndProject
Global
	GlobalSection(SolutionConfigurationPlatforms) = preSolution
		Debug|Any CPU = Debug|Any CPU
		Release|Any CPU = Release|Any CPU
	EndGlobalSection
	GlobalSection(ProjectConfigurationPlatforms) = postSolution
		{0FB66553-FFD2-42F5-99A6-57FA758A4C8D}.Debug|Any CPU.ActiveCfg = Debug|Any CPU
		{0FB66553-FFD2-42F5-99A6-57FA758A4C8D}.Debug|Any CPU.Build.0 = Debug|Any CPU
		{0FB66553-FFD2-42F5-99A6-57FA758A4C8D}.Release|Any CPU.ActiveCfg = Release|Any CPU
		{0FB66553-FFD2-42F5-99A6-57FA758A4C8D}.Release|Any CPU.Build.0 = Release|Any CPU
	EndGlobalSection
	GlobalSection(SolutionProperties) = preSolution
		HideSolutionNode = FALSE
	EndGlobalSection
	GlobalSection(ExtensibilityGlobals) = postSolution
		SolutionGuid = {C6C89E2F-B7AE-4A2E-B216-0613FE6307C4}
	EndGlobalSection
EndGlobal
