
Microsoft Visual Studio Solution File, Format Version 12.00
# Visual Studio Version 17
VisualStudioVersion = 17.1.32407.343
MinimumVisualStudioVersion = 10.0.40219.1
Project("{FAE04EC0-301F-11D3-BF4B-00C04F79EFBC}") = "Curso_cs", "Curso_cs.csproj", "{8AEFB669-E74E-470B-92D8-BF84B365747B}"
EndProject
Global
	GlobalSection(SolutionConfigurationPlatforms) = preSolution
		Debug|Any CPU = Debug|Any CPU
		Release|Any CPU = Release|Any CPU
	EndGlobalSection
	GlobalSection(ProjectConfigurationPlatforms) = postSolution
		{8AEFB669-E74E-470B-92D8-BF84B365747B}.Debug|Any CPU.ActiveCfg = Debug|Any CPU
		{8AEFB669-E74E-470B-92D8-BF84B365747B}.Debug|Any CPU.Build.0 = Debug|Any CPU
		{8AEFB669-E74E-470B-92D8-BF84B365747B}.Release|Any CPU.ActiveCfg = Release|Any CPU
		{8AEFB669-E74E-470B-92D8-BF84B365747B}.Release|Any CPU.Build.0 = Release|Any CPU
	EndGlobalSection
	GlobalSection(SolutionProperties) = preSolution
		HideSolutionNode = FALSE
	EndGlobalSection
	GlobalSection(ExtensibilityGlobals) = postSolution
		SolutionGuid = {CDFB382E-20B6-4BA7-8B66-73B845923B5D}
	EndGlobalSection
EndGlobal
