
Microsoft Visual Studio Solution File, Format Version 12.00
# Visual Studio Version 17
VisualStudioVersion = 17.1.32407.343
MinimumVisualStudioVersion = 10.0.40219.1
Project("{FAE04EC0-301F-11D3-BF4B-00C04F79EFBC}") = "ALUNO-NOTAS", "ALUNO-NOTAS.csproj", "{BB984EEE-B793-4D08-A44F-5E599E275571}"
EndProject
Global
	GlobalSection(SolutionConfigurationPlatforms) = preSolution
		Debug|Any CPU = Debug|Any CPU
		Release|Any CPU = Release|Any CPU
	EndGlobalSection
	GlobalSection(ProjectConfigurationPlatforms) = postSolution
		{BB984EEE-B793-4D08-A44F-5E599E275571}.Debug|Any CPU.ActiveCfg = Debug|Any CPU
		{BB984EEE-B793-4D08-A44F-5E599E275571}.Debug|Any CPU.Build.0 = Debug|Any CPU
		{BB984EEE-B793-4D08-A44F-5E599E275571}.Release|Any CPU.ActiveCfg = Release|Any CPU
		{BB984EEE-B793-4D08-A44F-5E599E275571}.Release|Any CPU.Build.0 = Release|Any CPU
	EndGlobalSection
	GlobalSection(SolutionProperties) = preSolution
		HideSolutionNode = FALSE
	EndGlobalSection
	GlobalSection(ExtensibilityGlobals) = postSolution
		SolutionGuid = {52143A31-D117-47B7-9035-B504B52746B8}
	EndGlobalSection
EndGlobal
