
Microsoft Visual Studio Solution File, Format Version 12.00
# Visual Studio Version 17
VisualStudioVersion = 17.1.32407.343
MinimumVisualStudioVersion = 10.0.40219.1
Project("{FAE04EC0-301F-11D3-BF4B-00C04F79EFBC}") = "Aula02", "Aula02.csproj", "{B76725CB-03A5-4714-9E54-2A96FD3A2E78}"
EndProject
Global
	GlobalSection(SolutionConfigurationPlatforms) = preSolution
		Debug|Any CPU = Debug|Any CPU
		Release|Any CPU = Release|Any CPU
	EndGlobalSection
	GlobalSection(ProjectConfigurationPlatforms) = postSolution
		{B76725CB-03A5-4714-9E54-2A96FD3A2E78}.Debug|Any CPU.ActiveCfg = Debug|Any CPU
		{B76725CB-03A5-4714-9E54-2A96FD3A2E78}.Debug|Any CPU.Build.0 = Debug|Any CPU
		{B76725CB-03A5-4714-9E54-2A96FD3A2E78}.Release|Any CPU.ActiveCfg = Release|Any CPU
		{B76725CB-03A5-4714-9E54-2A96FD3A2E78}.Release|Any CPU.Build.0 = Release|Any CPU
	EndGlobalSection
	GlobalSection(SolutionProperties) = preSolution
		HideSolutionNode = FALSE
	EndGlobalSection
	GlobalSection(ExtensibilityGlobals) = postSolution
		SolutionGuid = {EFDDBD7C-A850-4619-B772-D1616175FD12}
	EndGlobalSection
EndGlobal
